
Microsoft Visual Studio Solution File, Format Version 12.00
# Visual Studio Version 17
VisualStudioVersion = 17.3.32929.385
MinimumVisualStudioVersion = 10.0.40219.1
Project("{FAE04EC0-301F-11D3-BF4B-00C04F79EFBC}") = "PortfolioWeb", "PortfolioWeb\PortfolioWeb.csproj", "{B89F0EDE-602F-4583-B1EF-05F72D2AC3F2}"
EndProject
Project("{FAE04EC0-301F-11D3-BF4B-00C04F79EFBC}") = "Portfolio.DataAccess", "DataAccess\Portfolio.DataAccess.csproj", "{1D132D52-C5F9-4B17-99F5-E64C8226D5D0}"
EndProject
Project("{FAE04EC0-301F-11D3-BF4B-00C04F79EFBC}") = "Portfolio.Models", "Portfolio.Models\Portfolio.Models.csproj", "{16D64CA8-8389-48E8-A3F8-A5B776F31724}"
EndProject
Global
	GlobalSection(SolutionConfigurationPlatforms) = preSolution
		Debug|Any CPU = Debug|Any CPU
		Release|Any CPU = Release|Any CPU
	EndGlobalSection
	GlobalSection(ProjectConfigurationPlatforms) = postSolution
		{B89F0EDE-602F-4583-B1EF-05F72D2AC3F2}.Debug|Any CPU.ActiveCfg = Debug|Any CPU
		{B89F0EDE-602F-4583-B1EF-05F72D2AC3F2}.Debug|Any CPU.Build.0 = Debug|Any CPU
		{B89F0EDE-602F-4583-B1EF-05F72D2AC3F2}.Release|Any CPU.ActiveCfg = Release|Any CPU
		{B89F0EDE-602F-4583-B1EF-05F72D2AC3F2}.Release|Any CPU.Build.0 = Release|Any CPU
		{1D132D52-C5F9-4B17-99F5-E64C8226D5D0}.Debug|Any CPU.ActiveCfg = Debug|Any CPU
		{1D132D52-C5F9-4B17-99F5-E64C8226D5D0}.Debug|Any CPU.Build.0 = Debug|Any CPU
		{1D132D52-C5F9-4B17-99F5-E64C8226D5D0}.Release|Any CPU.ActiveCfg = Release|Any CPU
		{1D132D52-C5F9-4B17-99F5-E64C8226D5D0}.Release|Any CPU.Build.0 = Release|Any CPU
		{16D64CA8-8389-48E8-A3F8-A5B776F31724}.Debug|Any CPU.ActiveCfg = Debug|Any CPU
		{16D64CA8-8389-48E8-A3F8-A5B776F31724}.Debug|Any CPU.Build.0 = Debug|Any CPU
		{16D64CA8-8389-48E8-A3F8-A5B776F31724}.Release|Any CPU.ActiveCfg = Release|Any CPU
		{16D64CA8-8389-48E8-A3F8-A5B776F31724}.Release|Any CPU.Build.0 = Release|Any CPU
	EndGlobalSection
	GlobalSection(SolutionProperties) = preSolution
		HideSolutionNode = FALSE
	EndGlobalSection
	GlobalSection(ExtensibilityGlobals) = postSolution
		SolutionGuid = {3A24E945-7F98-4BF3-82F0-4CE5C838B6B7}
	EndGlobalSection
EndGlobal
